
Microsoft Visual Studio Solution File, Format Version 12.00
# Visual Studio Version 17
VisualStudioVersion = 17.4.33122.133
MinimumVisualStudioVersion = 10.0.40219.1
Project("{FAE04EC0-301F-11D3-BF4B-00C04F79EFBC}") = "CoreMVC_WebApi_Test", "CoreMVC_WebApi_Test\CoreMVC_WebApi_Test.csproj", "{3E5EA0BC-7A9F-4C8A-8EE3-33F348DD27D7}"
EndProject
Global
	GlobalSection(SolutionConfigurationPlatforms) = preSolution
		Debug|Any CPU = Debug|Any CPU
		Release|Any CPU = Release|Any CPU
	EndGlobalSection
	GlobalSection(ProjectConfigurationPlatforms) = postSolution
		{3E5EA0BC-7A9F-4C8A-8EE3-33F348DD27D7}.Debug|Any CPU.ActiveCfg = Debug|Any CPU
		{3E5EA0BC-7A9F-4C8A-8EE3-33F348DD27D7}.Debug|Any CPU.Build.0 = Debug|Any CPU
		{3E5EA0BC-7A9F-4C8A-8EE3-33F348DD27D7}.Release|Any CPU.ActiveCfg = Release|Any CPU
		{3E5EA0BC-7A9F-4C8A-8EE3-33F348DD27D7}.Release|Any CPU.Build.0 = Release|Any CPU
	EndGlobalSection
	GlobalSection(SolutionProperties) = preSolution
		HideSolutionNode = FALSE
	EndGlobalSection
	GlobalSection(ExtensibilityGlobals) = postSolution
		SolutionGuid = {AD052B9E-3806-4453-BA91-9084E885DC9D}
	EndGlobalSection
EndGlobal
